// !$*UTF8*$!
{
	archiveVersion = 1;
	classes = {
	};
	objectVersion = 56;
	objects = {

/* Begin PBXBuildFile section */
		45D0B63D2B5F30EC00B84BD7 /* AppDelegate.swift in Sources */ = {isa = PBXBuildFile; fileRef = 45D0B63C2B5F30EC00B84BD7 /* AppDelegate.swift */; };
		45D0B63F2B5F30EC00B84BD7 /* SceneDelegate.swift in Sources */ = {isa = PBXBuildFile; fileRef = 45D0B63E2B5F30EC00B84BD7 /* SceneDelegate.swift */; };
		45D0B6412B5F30EC00B84BD7 /* ViewController.swift in Sources */ = {isa = PBXBuildFile; fileRef = 45D0B6402B5F30EC00B84BD7 /* ViewController.swift */; };
		45D0B6442B5F30EC00B84BD7 /* Main.storyboard in Resources */ = {isa = PBXBuildFile; fileRef = 45D0B6422B5F30EC00B84BD7 /* Main.storyboard */; };
		45D0B6472B5F30EC00B84BD7 /* iOS_TextEditor.xcdatamodeld in Sources */ = {isa = PBXBuildFile; fileRef = 45D0B6452B5F30EC00B84BD7 /* iOS_TextEditor.xcdatamodeld */; };
		45D0B6492B5F30EE00B84BD7 /* Assets.xcassets in Resources */ = {isa = PBXBuildFile; fileRef = 45D0B6482B5F30EE00B84BD7 /* Assets.xcassets */; };
		45D0B64C2B5F30EE00B84BD7 /* LaunchScreen.storyboard in Resources */ = {isa = PBXBuildFile; fileRef = 45D0B64A2B5F30EE00B84BD7 /* LaunchScreen.storyboard */; };
/* End PBXBuildFile section */

/* Begin PBXFileReference section */
		45D0B6392B5F30EC00B84BD7 /* iOS_TextEditor.app */ = {isa = PBXFileReference; explicitFileType = wrapper.application; includeInIndex = 0; path = iOS_TextEditor.app; sourceTree = BUILT_PRODUCTS_DIR; };
		45D0B63C2B5F30EC00B84BD7 /* AppDelegate.swift */ = {isa = PBXFileReference; lastKnownFileType = sourcecode.swift; path = AppDelegate.swift; sourceTree = "<group>"; };
		45D0B63E2B5F30EC00B84BD7 /* SceneDelegate.swift */ = {isa = PBXFileReference; lastKnownFileType = sourcecode.swift; path = SceneDelegate.swift; sourceTree = "<group>"; };
		45D0B6402B5F30EC00B84BD7 /* ViewController.swift */ = {isa = PBXFileReference; lastKnownFileType = sourcecode.swift; path = ViewController.swift; sourceTree = "<group>"; };
		45D0B6432B5F30EC00B84BD7 /* Base */ = {isa = PBXFileReference; lastKnownFileType = file.storyboard; name = Base; path = Base.lproj/Main.storyboard; sourceTree = "<group>"; };
		45D0B6462B5F30EC00B84BD7 /* iOS_TextEditor.xcdatamodel */ = {isa = PBXFileReference; lastKnownFileType = wrapper.xcdatamodel; path = iOS_TextEditor.xcdatamodel; sourceTree = "<group>"; };
		45D0B6482B5F30EE00B84BD7 /* Assets.xcassets */ = {isa = PBXFileReference; lastKnownFileType = folder.assetcatalog; path = Assets.xcassets; sourceTree = "<group>"; };
		45D0B64B2B5F30EE00B84BD7 /* Base */ = {isa = PBXFileReference; lastKnownFileType = file.storyboard; name = Base; path = Base.lproj/LaunchScreen.storyboard; sourceTree = "<group>"; };
		45D0B64D2B5F30EE00B84BD7 /* Info.plist */ = {isa = PBXFileReference; lastKnownFileType = text.plist.xml; path = Info.plist; sourceTree = "<group>"; };
/* End PBXFileReference section */

/* Begin PBXFrameworksBuildPhase section */
		45D0B6362B5F30EC00B84BD7 /* Frameworks */ = {
			isa = PBXFrameworksBuildPhase;
			buildActionMask = 2147483647;
			files = (
			);
			runOnlyForDeploymentPostprocessing = 0;
		};
/* End PBXFrameworksBuildPhase section */

/* Begin PBXGroup section */
		45D0B6302B5F30EC00B84BD7 = {
			isa = PBXGroup;
			children = (
				45D0B63B2B5F30EC00B84BD7 /* iOS_TextEditor */,
				45D0B63A2B5F30EC00B84BD7 /* Products */,
			);
			sourceTree = "<group>";
		};
		45D0B63A2B5F30EC00B84BD7 /* Products */ = {
			isa = PBXGroup;
			children = (
				45D0B6392B5F30EC00B84BD7 /* iOS_TextEditor.app */,
			);
			name = Products;
			sourceTree = "<group>";
		};
		45D0B63B2B5F30EC00B84BD7 /* iOS_TextEditor */ = {
			isa = PBXGroup;
			children = (
				45D0B63C2B5F30EC00B84BD7 /* AppDelegate.swift */,
				45D0B63E2B5F30EC00B84BD7 /* SceneDelegate.swift */,
				45D0B6402B5F30EC00B84BD7 /* ViewController.swift */,
				45D0B6422B5F30EC00B84BD7 /* Main.storyboard */,
				45D0B6482B5F30EE00B84BD7 /* Assets.xcassets */,
				45D0B64A2B5F30EE00B84BD7 /* LaunchScreen.storyboard */,
				45D0B64D2B5F30EE00B84BD7 /* Info.plist */,
				45D0B6452B5F30EC00B84BD7 /* iOS_TextEditor.xcdatamodeld */,
			);
			path = iOS_TextEditor;
			sourceTree = "<group>";
		};
/* End PBXGroup section */

/* Begin PBXNativeTarget section */
		45D0B6382B5F30EC00B84BD7 /* iOS_TextEditor */ = {
			isa = PBXNativeTarget;
			buildConfigurationList = 45D0B6502B5F30EE00B84BD7 /* Build configuration list for PBXNativeTarget "iOS_TextEditor" */;
			buildPhases = (
				45D0B6352B5F30EC00B84BD7 /* Sources */,
				45D0B6362B5F30EC00B84BD7 /* Frameworks */,
				45D0B6372B5F30EC00B84BD7 /* Resources */,
			);
			buildRules = (
			);
			dependencies = (
			);
			name = iOS_TextEditor;
			productName = iOS_TextEditor;
			productReference = 45D0B6392B5F30EC00B84BD7 /* iOS_TextEditor.app */;
			productType = "com.apple.product-type.application";
		};
/* End PBXNativeTarget section */

/* Begin PBXProject section */
		45D0B6312B5F30EC00B84BD7 /* Project object */ = {
			isa = PBXProject;
			attributes = {
				BuildIndependentTargetsInParallel = 1;
				LastSwiftUpdateCheck = 1510;
				LastUpgradeCheck = 1510;
				TargetAttributes = {
					45D0B6382B5F30EC00B84BD7 = {
						CreatedOnToolsVersion = 15.1;
					};
				};
			};
			buildConfigurationList = 45D0B6342B5F30EC00B84BD7 /* Build configuration list for PBXProject "iOS_TextEditor" */;
			compatibilityVersion = "Xcode 14.0";
			developmentRegion = en;
			hasScannedForEncodings = 0;
			knownRegions = (
				en,
				Base,
			);
			mainGroup = 45D0B6302B5F30EC00B84BD7;
			productRefGroup = 45D0B63A2B5F30EC00B84BD7 /* Products */;
			projectDirPath = "";
			projectRoot = "";
			targets = (
				45D0B6382B5F30EC00B84BD7 /* iOS_TextEditor */,
			);
		};
/* End PBXProject section */

/* Begin PBXResourcesBuildPhase section */
		45D0B6372B5F30EC00B84BD7 /* Resources */ = {
			isa = PBXResourcesBuildPhase;
			buildActionMask = 2147483647;
			files = (
				45D0B64C2B5F30EE00B84BD7 /* LaunchScreen.storyboard in Resources */,
				45D0B6492B5F30EE00B84BD7 /* Assets.xcassets in Resources */,
				45D0B6442B5F30EC00B84BD7 /* Main.storyboard in Resources */,
			);
			runOnlyForDeploymentPostprocessing = 0;
		};
/* End PBXResourcesBuildPhase section */

/* Begin PBXSourcesBuildPhase section */
		45D0B6352B5F30EC00B84BD7 /* Sources */ = {
			isa = PBXSourcesBuildPhase;
			buildActionMask = 2147483647;
			files = (
				45D0B6412B5F30EC00B84BD7 /* ViewController.swift in Sources */,
				45D0B6472B5F30EC00B84BD7 /* iOS_TextEditor.xcdatamodeld in Sources */,
				45D0B63D2B5F30EC00B84BD7 /* AppDelegate.swift in Sources */,
				45D0B63F2B5F30EC00B84BD7 /* SceneDelegate.swift in Sources */,
			);
			runOnlyForDeploymentPostprocessing = 0;
		};
/* End PBXSourcesBuildPhase section */

/* Begin PBXVariantGroup section */
		45D0B6422B5F30EC00B84BD7 /* Main.storyboard */ = {
			isa = PBXVariantGroup;
			children = (
				45D0B6432B5F30EC00B84BD7 /* Base */,
			);
			name = Main.storyboard;
			sourceTree = "<group>";
		};
		45D0B64A2B5F30EE00B84BD7 /* LaunchScreen.storyboard */ = {
			isa = PBXVariantGroup;
			children = (
				45D0B64B2B5F30EE00B84BD7 /* Base */,
			);
			name = LaunchScreen.storyboard;
			sourceTree = "<group>";
		};
/* End PBXVariantGroup section */

/* Begin XCBuildConfiguration section */
		45D0B64E2B5F30EE00B84BD7 /* Debug */ = {
			isa = XCBuildConfiguration;
			buildSettings = {
				ALWAYS_SEARCH_USER_PATHS = NO;
				ASSETCATALOG_COMPILER_GENERATE_SWIFT_ASSET_SYMBOL_EXTENSIONS = YES;
				CLANG_ANALYZER_NONNULL = YES;
				CLANG_ANALYZER_NUMBER_OBJECT_CONVERSION = YES_AGGRESSIVE;
				CLANG_CXX_LANGUAGE_STANDARD = "gnu++20";
				CLANG_ENABLE_MODULES = YES;
				CLANG_ENABLE_OBJC_ARC = YES;
				CLANG_ENABLE_OBJC_WEAK = YES;
				CLANG_WARN_BLOCK_CAPTURE_AUTORELEASING = YES;
				CLANG_WARN_BOOL_CONVERSION = YES;
				CLANG_WARN_COMMA = YES;
				CLANG_WARN_CONSTANT_CONVERSION = YES;
				CLANG_WARN_DEPRECATED_OBJC_IMPLEMENTATIONS = YES;
				CLANG_WARN_DIRECT_OBJC_ISA_USAGE = YES_ERROR;
				CLANG_WARN_DOCUMENTATION_COMMENTS = YES;
				CLANG_WARN_EMPTY_BODY = YES;
				CLANG_WARN_ENUM_CONVERSION = YES;
				CLANG_WARN_INFINITE_RECURSION = YES;
				CLANG_WARN_INT_CONVERSION = YES;
				CLANG_WARN_NON_LITERAL_NULL_CONVERSION = YES;
				CLANG_WARN_OBJC_IMPLICIT_RETAIN_SELF = YES;
				CLANG_WARN_OBJC_LITERAL_CONVERSION = YES;
				CLANG_WARN_OBJC_ROOT_CLASS = YES_ERROR;
				CLANG_WARN_QUOTED_INCLUDE_IN_FRAMEWORK_HEADER = YES;
				CLANG_WARN_RANGE_LOOP_ANALYSIS = YES;
				CLANG_WARN_STRICT_PROTOTYPES = YES;
				CLANG_WARN_SUSPICIOUS_MOVE = YES;
				CLANG_WARN_UNGUARDED_AVAILABILITY = YES_AGGRESSIVE;
				CLANG_WARN_UNREACHABLE_CODE = YES;
				CLANG_WARN__DUPLICATE_METHOD_MATCH = YES;
				COPY_PHASE_STRIP = NO;
				DEBUG_INFORMATION_FORMAT = dwarf;
				ENABLE_STRICT_OBJC_MSGSEND = YES;
				ENABLE_TESTABILITY = YES;
				ENABLE_USER_SCRIPT_SANDBOXING = YES;
				GCC_C_LANGUAGE_STANDARD = gnu17;
				GCC_DYNAMIC_NO_PIC = NO;
				GCC_NO_COMMON_BLOCKS = YES;
				GCC_OPTIMIZATION_LEVEL = 0;
				GCC_PREPROCESSOR_DEFINITIONS = (
					"DEBUG=1",
					"$(inherited)",
				);
				GCC_WARN_64_TO_32_BIT_CONVERSION = YES;
				GCC_WARN_ABOUT_RETURN_TYPE = YES_ERROR;
				GCC_WARN_UNDECLARED_SELECTOR = YES;
				GCC_WARN_UNINITIALIZED_AUTOS = YES_AGGRESSIVE;
				GCC_WARN_UNUSED_FUNCTION = YES;
				GCC_WARN_UNUSED_VARIABLE = YES;
				IPHONEOS_DEPLOYMENT_TARGET = 17.2;
				LOCALIZATION_PREFERS_STRING_CATALOGS = YES;
				MTL_ENABLE_DEBUG_INFO = INCLUDE_SOURCE;
				MTL_FAST_MATH = YES;
				ONLY_ACTIVE_ARCH = YES;
				SDKROOT = iphoneos;
				SWIFT_ACTIVE_COMPILATION_CONDITIONS = "DEBUG $(inherited)";
				SWIFT_OPTIMIZATION_LEVEL = "-Onone";
			};
			name = Debug;
		};
		45D0B64F2B5F30EE00B84BD7 /* Release */ = {
			isa = XCBuildConfiguration;
			buildSettings = {
				ALWAYS_SEARCH_USER_PATHS = NO;
				ASSETCATALOG_COMPILER_GENERATE_SWIFT_ASSET_SYMBOL_EXTENSIONS = YES;
				CLANG_ANALYZER_NONNULL = YES;
				CLANG_ANALYZER_NUMBER_OBJECT_CONVERSION = YES_AGGRESSIVE;
				CLANG_CXX_LANGUAGE_STANDARD = "gnu++20";
				CLANG_ENABLE_MODULES = YES;
				CLANG_ENABLE_OBJC_ARC = YES;
				CLANG_ENABLE_OBJC_WEAK = YES;
				CLANG_WARN_BLOCK_CAPTURE_AUTORELEASING = YES;
				CLANG_WARN_BOOL_CONVERSION = YES;
				CLANG_WARN_COMMA = YES;
				CLANG_WARN_CONSTANT_CONVERSION = YES;
				CLANG_WARN_DEPRECATED_OBJC_IMPLEMENTATIONS = YES;
				CLANG_WARN_DIRECT_OBJC_ISA_USAGE = YES_ERROR;
				CLANG_WARN_DOCUMENTATION_COMMENTS = YES;
				CLANG_WARN_EMPTY_BODY = YES;
				CLANG_WARN_ENUM_CONVERSION = YES;
				CLANG_WARN_INFINITE_RECURSION = YES;
				CLANG_WARN_INT_CONVERSION = YES;
				CLANG_WARN_NON_LITERAL_NULL_CONVERSION = YES;
				CLANG_WARN_OBJC_IMPLICIT_RETAIN_SELF = YES;
				CLANG_WARN_OBJC_LITERAL_CONVERSION = YES;
				CLANG_WARN_OBJC_ROOT_CLASS = YES_ERROR;
				CLANG_WARN_QUOTED_INCLUDE_IN_FRAMEWORK_HEADER = YES;
				CLANG_WARN_RANGE_LOOP_ANALYSIS = YES;
				CLANG_WARN_STRICT_PROTOTYPES = YES;
				CLANG_WARN_SUSPICIOUS_MOVE = YES;
				CLANG_WARN_UNGUARDED_AVAILABILITY = YES_AGGRESSIVE;
				CLANG_WARN_UNREACHABLE_CODE = YES;
				CLANG_WARN__DUPLICATE_METHOD_MATCH = YES;
				COPY_PHASE_STRIP = NO;
				DEBUG_INFORMATION_FORMAT = "dwarf-with-dsym";
				ENABLE_NS_ASSERTIONS = NO;
				ENABLE_STRICT_OBJC_MSGSEND = YES;
				ENABLE_USER_SCRIPT_SANDBOXING = YES;
				GCC_C_LANGUAGE_STANDARD = gnu17;
				GCC_NO_COMMON_BLOCKS = YES;
				GCC_WARN_64_TO_32_BIT_CONVERSION = YES;
				GCC_WARN_ABOUT_RETURN_TYPE = YES_ERROR;
				GCC_WARN_UNDECLARED_SELECTOR = YES;
				GCC_WARN_UNINITIALIZED_AUTOS = YES_AGGRESSIVE;
				GCC_WARN_UNUSED_FUNCTION = YES;
				GCC_WARN_UNUSED_VARIABLE = YES;
				IPHONEOS_DEPLOYMENT_TARGET = 17.2;
				LOCALIZATION_PREFERS_STRING_CATALOGS = YES;
				MTL_ENABLE_DEBUG_INFO = NO;
				MTL_FAST_MATH = YES;
				SDKROOT = iphoneos;
				SWIFT_COMPILATION_MODE = wholemodule;
				VALIDATE_PRODUCT = YES;
			};
			name = Release;
		};
		45D0B6512B5F30EE00B84BD7 /* Debug */ = {
			isa = XCBuildConfiguration;
			buildSettings = {
				ASSETCATALOG_COMPILER_APPICON_NAME = AppIcon;
				ASSETCATALOG_COMPILER_GLOBAL_ACCENT_COLOR_NAME = AccentColor;
				CODE_SIGN_STYLE = Automatic;
				CURRENT_PROJECT_VERSION = 1;
				DEVELOPMENT_TEAM = T96JD555QP;
				GENERATE_INFOPLIST_FILE = YES;
				INFOPLIST_FILE = iOS_TextEditor/Info.plist;
				INFOPLIST_KEY_UIApplicationSupportsIndirectInputEvents = YES;
				INFOPLIST_KEY_UILaunchStoryboardName = LaunchScreen;
				INFOPLIST_KEY_UIMainStoryboardFile = Main;
				INFOPLIST_KEY_UISupportedInterfaceOrientations_iPad = "UIInterfaceOrientationPortrait UIInterfaceOrientationPortraitUpsideDown UIInterfaceOrientationLandscapeLeft UIInterfaceOrientationLandscapeRight";
				INFOPLIST_KEY_UISupportedInterfaceOrientations_iPhone = "UIInterfaceOrientationPortrait UIInterfaceOrientationLandscapeLeft UIInterfaceOrientationLandscapeRight";
				LD_RUNPATH_SEARCH_PATHS = (
					"$(inherited)",
					"@executable_path/Frameworks",
				);
				MARKETING_VERSION = 1.0;
				PRODUCT_BUNDLE_IDENTIFIER = "com.nomadstory.nomadstory.iOS-TextEditor";
				PRODUCT_NAME = "$(TARGET_NAME)";
				SWIFT_EMIT_LOC_STRINGS = YES;
				SWIFT_VERSION = 5.0;
				TARGETED_DEVICE_FAMILY = "1,2";
			};
			name = Debug;
		};
		45D0B6522B5F30EE00B84BD7 /* Release */ = {
			isa = XCBuildConfiguration;
			buildSettings = {
				ASSETCATALOG_COMPILER_APPICON_NAME = AppIcon;
				ASSETCATALOG_COMPILER_GLOBAL_ACCENT_COLOR_NAME = AccentColor;
				CODE_SIGN_STYLE = Automatic;
				CURRENT_PROJECT_VERSION = 1;
				DEVELOPMENT_TEAM = T96JD555QP;
				GENERATE_INFOPLIST_FILE = YES;
				INFOPLIST_FILE = iOS_TextEditor/Info.plist;
				INFOPLIST_KEY_UIApplicationSupportsIndirectInputEvents = YES;
				INFOPLIST_KEY_UILaunchStoryboardName = LaunchScreen;
				INFOPLIST_KEY_UIMainStoryboardFile = Main;
				INFOPLIST_KEY_UISupportedInterfaceOrientations_iPad = "UIInterfaceOrientationPortrait UIInterfaceOrientationPortraitUpsideDown UIInterfaceOrientationLandscapeLeft UIInterfaceOrientationLandscapeRight";
				INFOPLIST_KEY_UISupportedInterfaceOrientations_iPhone = "UIInterfaceOrientationPortrait UIInterfaceOrientationLandscapeLeft UIInterfaceOrientationLandscapeRight";
				LD_RUNPATH_SEARCH_PATHS = (
					"$(inherited)",
					"@executable_path/Frameworks",
				);
				MARKETING_VERSION = 1.0;
				PRODUCT_BUNDLE_IDENTIFIER = "com.nomadstory.nomadstory.iOS-TextEditor";
				PRODUCT_NAME = "$(TARGET_NAME)";
				SWIFT_EMIT_LOC_STRINGS = YES;
				SWIFT_VERSION = 5.0;
				TARGETED_DEVICE_FAMILY = "1,2";
			};
			name = Release;
		};
/* End XCBuildConfiguration section */

/* Begin XCConfigurationList section */
		45D0B6342B5F30EC00B84BD7 /* Build configuration list for PBXProject "iOS_TextEditor" */ = {
			isa = XCConfigurationList;
			buildConfigurations = (
				45D0B64E2B5F30EE00B84BD7 /* Debug */,
				45D0B64F2B5F30EE00B84BD7 /* Release */,
			);
			defaultConfigurationIsVisible = 0;
			defaultConfigurationName = Release;
		};
		45D0B6502B5F30EE00B84BD7 /* Build configuration list for PBXNativeTarget "iOS_TextEditor" */ = {
			isa = XCConfigurationList;
			buildConfigurations = (
				45D0B6512B5F30EE00B84BD7 /* Debug */,
				45D0B6522B5F30EE00B84BD7 /* Release */,
			);
			defaultConfigurationIsVisible = 0;
			defaultConfigurationName = Release;
		};
/* End XCConfigurationList section */

/* Begin XCVersionGroup section */
		45D0B6452B5F30EC00B84BD7 /* iOS_TextEditor.xcdatamodeld */ = {
			isa = XCVersionGroup;
			children = (
				45D0B6462B5F30EC00B84BD7 /* iOS_TextEditor.xcdatamodel */,
			);
			currentVersion = 45D0B6462B5F30EC00B84BD7 /* iOS_TextEditor.xcdatamodel */;
			path = iOS_TextEditor.xcdatamodeld;
			sourceTree = "<group>";
			versionGroupType = wrapper.xcdatamodel;
		};
/* End XCVersionGroup section */
	};
	rootObject = 45D0B6312B5F30EC00B84BD7 /* Project object */;
}
